
Microsoft Visual Studio Solution File, Format Version 12.00
# Visual Studio Version 17
VisualStudioVersion = 17.9.34616.47
MinimumVisualStudioVersion = 10.0.40219.1
Project("{FAE04EC0-301F-11D3-BF4B-00C04F79EFBC}") = "MSLearn.CSharpDoWhile.Challenge2.Project2", "MSLearn.CSharpDoWhile.Challenge2.Project2\MSLearn.CSharpDoWhile.Challenge2.Project2.csproj", "{0F21F267-FA93-46C3-9614-814AA3386578}"
EndProject
Global
	GlobalSection(SolutionConfigurationPlatforms) = preSolution
		Debug|Any CPU = Debug|Any CPU
		Release|Any CPU = Release|Any CPU
	EndGlobalSection
	GlobalSection(ProjectConfigurationPlatforms) = postSolution
		{0F21F267-FA93-46C3-9614-814AA3386578}.Debug|Any CPU.ActiveCfg = Debug|Any CPU
		{0F21F267-FA93-46C3-9614-814AA3386578}.Debug|Any CPU.Build.0 = Debug|Any CPU
		{0F21F267-FA93-46C3-9614-814AA3386578}.Release|Any CPU.ActiveCfg = Release|Any CPU
		{0F21F267-FA93-46C3-9614-814AA3386578}.Release|Any CPU.Build.0 = Release|Any CPU
	EndGlobalSection
	GlobalSection(SolutionProperties) = preSolution
		HideSolutionNode = FALSE
	EndGlobalSection
	GlobalSection(ExtensibilityGlobals) = postSolution
		SolutionGuid = {948C2CB3-824E-4B7B-8320-C1AF0A880622}
	EndGlobalSection
EndGlobal
